(setq el-get-lock-package-versions
      '((magit-popup :checksum "70e3cdd6140ebdf477f86b88ac2bd1a8de115e88")
        (google-translate :checksum "d8b84a8359fcc697114d1298840e9a45b111c974")
        (flycheck-rust :checksum "a89c0298f5e8fdcb0c33833ca1eca64632cec053")
        (cargo :checksum "ae6b0523a9f3ca035da642913cb72858cb3926e9")
        (toml-mode :checksum "f6c61817b00f9c4a3cab1bae9c309e0fc45cdd06")
        (racer :checksum "af4167f310fffc82051ceced17c0cc40fdf5cbfa")
        (f :checksum "595519ea07d6ff49e5cb1cbd442eb689f9142ed1")
        (s :checksum "5e9a6857d42015c67681616aa3519f599f97b8d8")
        (rust-mode :checksum "04e3078ffc5f4b95e0a62960e36866d4bf1a9537")
        (dockerfile-mode :checksum "cd102cffa11a0557b1c04651e8cbd53fe01fbb92")
        (company-mode :checksum "a4e14ed869a99ca8772f32b884b79ea573bccbb8")
        (flycheck :checksum "77c2ca7d08c438f3887323277ce306d5e1a7b0d2")
        (pkg-info :checksum "76ba7415480687d05a4353b27fea2ae02b8d9d61")
        (epl :checksum "83797835f729f39b80acba4c7e83d73a2e410e26")
        (with-eval-after-load-feature-el :checksum "0b38651a5f0dafdfe04bd0032eb5ff803e99460b")
        (el-get :checksum "da22fdbfad24832136d8654e3a6519b8f74790d2")
        (init-loader :checksum "5d3cea1004c11ff96b33020e337b03b925c67c42")
        (yaml-mode :checksum "28c34033194130d452d5c958b5241c88d42ca02b")
        (markdown-mode :checksum "ea03dcb144e08dce83c9b0078bb03f767b836f23")
        (web-mode :checksum "78d49396b0ddb5e60596dc4a2c09d7cbb5812ff5")
        (emacs-fish :checksum "888d037008272f6001207a2990e51ba87fe187e6")
        (magit :checksum "e426992c166d514da0f3cf897ed27f547e0c1871")
        (dash :checksum "91d8cb01e62bab0d6267d3d4dbcabd6da6fdea78")
        (with-editor :checksum "f73303481f79a34a237195c9b5a9fe3d56622865")
        (emacs-async :checksum "424ecd8a28cd59fe7d2de3cb4b37a4224e34c123")
        (git-modes :checksum "9f18eca514d242816a4969e86c4cfd2cf4dfe401")
        (htmlize :checksum "88e2cb6588827893d7bc619529393887c264d15a")
        (quickrun :checksum "55bbe5d54b80206ea5a60bf2f58eb6368b2c8201")
        (open-junk-file :checksum "f87b93ec26e92dc747da43499d0cbf5ab70fd8c2")
        (volatile-highlights :checksum "9a20091f0ce7fc0a6b3e641a6a46d5f3ac4d8392")
        (rainbow-delimiters :checksum "19b93892afa0494ba749c2ca9c154e04447ad778")
        (highlight-symbol :checksum "7a789c779648c55b16e43278e51be5898c121b3a")
        (point-undo :checksum "b09bdcc64a0de08bae0838ef708c679dbc08f4c2")
        (undo-tree :checksum "e9a9102f515acd7523158f20e83f300600374989")
        (undohist :checksum "d2239a5f736724ceb9e3b6bcaa86f4064805cda0")
        (use-package :checksum "cf2bd6f88352038cd463f0f73fe193d944af74e5")
        (el-get-lock :checksum "df8cfe55441695865a64b97946750b6413a40425")))
(setq el-get-lock-locked-packages 'nil)
(setq el-get-lock-unlocked-packages 'nil)
