(setq el-get-lock-package-versions
      '((racer :checksum "6e0d1b3ebd54497c0cc995a92f09328ff101cd33")
        (f :checksum "3623a4577c89740cfad8d961f3201d3222c79ff6")
        (s :checksum "5e9a6857d42015c67681616aa3519f599f97b8d8")
        (rust-mode :checksum "04e3078ffc5f4b95e0a62960e36866d4bf1a9537")
        (dockerfile-mode :checksum "3c6bc90360a2df53caad1721ee4c8285e2e22369")
        (company-mode :checksum "66e43a3a3388c3af3dd851ba0a1f48dcb6efb1ae")
        (flycheck :checksum "0d982b2860927a03e4cdf663750bd3b4c128918a")
        (pkg-info :checksum "76ba7415480687d05a4353b27fea2ae02b8d9d61")
        (epl :checksum "83797835f729f39b80acba4c7e83d73a2e410e26")
        (with-eval-after-load-feature-el :checksum "0b38651a5f0dafdfe04bd0032eb5ff803e99460b")
        (el-get :checksum "07c75d259d89dabb34878d6085a94fb11aef1947")
        (init-loader :checksum "5d3cea1004c11ff96b33020e337b03b925c67c42")
        (yaml-mode :checksum "28c34033194130d452d5c958b5241c88d42ca02b")
        (markdown-mode :checksum "7a62259a22ccbf59b0132d077348ee489edf5d1e")
        (web-mode :checksum "4754211f44e9fe1389e4378553ad538460282225")
        (emacs-fish :checksum "888d037008272f6001207a2990e51ba87fe187e6")
        (magit :checksum "5c08d09cdaad506ca94616c59f39982f43f4c12f")
        (dash :checksum "91d8cb01e62bab0d6267d3d4dbcabd6da6fdea78")
        (with-editor :checksum "ee39f232f2daf997498a4030d104c35ae397f457")
        (emacs-async :checksum "424ecd8a28cd59fe7d2de3cb4b37a4224e34c123")
        (git-modes :checksum "9f18eca514d242816a4969e86c4cfd2cf4dfe401")
        (htmlize :checksum "88e2cb6588827893d7bc619529393887c264d15a")
        (quickrun :checksum "55bbe5d54b80206ea5a60bf2f58eb6368b2c8201")
        (open-junk-file :checksum "f87b93ec26e92dc747da43499d0cbf5ab70fd8c2")
        (volatile-highlights :checksum "9a20091f0ce7fc0a6b3e641a6a46d5f3ac4d8392")
        (rainbow-delimiters :checksum "19b93892afa0494ba749c2ca9c154e04447ad778")
        (highlight-symbol :checksum "7a789c779648c55b16e43278e51be5898c121b3a")
        (point-undo :checksum "b09bdcc64a0de08bae0838ef708c679dbc08f4c2")
        (undo-tree :checksum "e9a9102f515acd7523158f20e83f300600374989")
        (undohist :checksum "d2239a5f736724ceb9e3b6bcaa86f4064805cda0")
        (use-package :checksum "82d15961a0f2dc7842a98030d6daee0061ef63dc")
        (el-get-lock :checksum "df8cfe55441695865a64b97946750b6413a40425")))
(setq el-get-lock-locked-packages 'nil)
(setq el-get-lock-unlocked-packages 'nil)
