(setq el-get-lock-package-versions
      '((indent-guide :checksum "d64f43011c72068e008621e620009ec592b35913")
        (real-auto-save :checksum "d813632c1e754539cc92953ac4c3609105f9af58")
        (init-loader :checksum "5d3cea1004c11ff96b33020e337b03b925c67c42")
        (yaml-mode :checksum "3fc5a33760b0bbb6e67adbce48ab3dc4ae34b847")
        (toml-mode :checksum "f6c61817b00f9c4a3cab1bae9c309e0fc45cdd06")
        (dockerfile-mode :checksum "4ab78f678e9ee40c7c5729dc8f1f5c1a847be2e7")
        (cmake-mode :checksum "2b6ba21f26e1d6004db9940a5daf06f14571b432")
        (markdown-mode :checksum "668de4a965980d618637a3b5754e721b54c51e83")
        (web-mode :checksum "5de834c8f47d1c5bb427c2c1113787b66010662d")
        (emacs-fish :checksum "bac709ac1235751952d6022dddc6307d9135d096")
        (flycheck-rust :checksum "a722204cff5bffe26b8f127c7003cfc9ed00e34b")
        (cargo :checksum "ba652e464ccdd0860fbc5d932c2ae86c9a31a200")
        (racer :checksum "cb74060bbaff8e505ba36e20e4a3a763ee7dd4c8")
        (pos-tip :checksum "051e08fec5cf30b7574bdf439f79fef7d42d689d")
        (f :checksum "de6d4d40ddc844eee643e92d47b9d6a63fbebb48")
        (s :checksum "03410e6a7a2b11e47e1fea3b7d9899c7df26435e")
        (rust-mode :checksum "07e16c6364bf0362f76c6aa46604453dec3ac640")
        (google-c-style :checksum "e1157c50a795c6d54c6aa36ff0352d173d067957")
        (volatile-highlights :checksum "9a20091f0ce7fc0a6b3e641a6a46d5f3ac4d8392")
        (rainbow-delimiters :checksum "19b93892afa0494ba749c2ca9c154e04447ad778")
        (highlight-symbol :checksum "7a789c779648c55b16e43278e51be5898c121b3a")
        (point-undo :checksum "b09bdcc64a0de08bae0838ef708c679dbc08f4c2")
        (undo-tree :checksum "e9a9102f515acd7523158f20e83f300600374989")
        (undohist :checksum "d2239a5f736724ceb9e3b6bcaa86f4064805cda0")
        (htmlize :checksum "a0b55cba65a225df8d9e17a3ac448ce9e8ec962d")
        (google-translate :checksum "d8b84a8359fcc697114d1298840e9a45b111c974")
        (magit :checksum "c6d51ae18edf9e7af85ead8fecef894940f515f2")
        (magit-popup :checksum "32e6da899abd6657c098534c5775fc7177047f49")
        (emacs-async :checksum "7279cc6bdba7bfcb53ca8f5471631ae8dc3918b3")
        (ghub :checksum "5dd5416019a03417b9006961bc98760214135ec4")
        (with-editor :checksum "ff3e96929d4532e33422a5980a6e3ca9f2fcf032")
        (git-modes :checksum "b08ac12f09a6cfe967ef70dad3f22430da4fbdab")
        (quickrun :checksum "55bbe5d54b80206ea5a60bf2f58eb6368b2c8201")
        (flycheck :checksum "0a588ed2aaf8ea7088ba8abdc91af47d4d41a85a")
        (pkg-info :checksum "76ba7415480687d05a4353b27fea2ae02b8d9d61")
        (epl :checksum "78ab7a85c08222cd15582a298a364774e3282ce6")
        (dash :checksum "87d5feac1a08ea09e55e52442dc5e497817b4f08")
        (company-mode :checksum "ddfdcb78c1f7abc25e1a2db1eb68721b20d00a95")
        (open-junk-file :checksum "f87b93ec26e92dc747da43499d0cbf5ab70fd8c2")
        (use-package :checksum "512aa50b025018cb8574498d868814f73c02bb9b")
        (el-get-lock :checksum "df8cfe55441695865a64b97946750b6413a40425")))
(setq el-get-lock-locked-packages 'nil)
(setq el-get-lock-unlocked-packages
      '(clang-format))
